
Microsoft Visual Studio Solution File, Format Version 12.00
# Visual Studio Version 17
VisualStudioVersion = 17.0.32112.339
MinimumVisualStudioVersion = 10.0.40219.1
Project("{9A19103F-16F7-4668-BE54-9A1E7A4F7556}") = "UKHO.MaritimeSafetyInformation.Web", "UKHO.MaritimeSafetyInformation.Web\UKHO.MaritimeSafetyInformation.Web.csproj", "{1E980BA5-AEF4-45C9-890E-224A6AF169DD}"
EndProject
Project("{2150E333-8FDC-42A3-9474-1A3956D46DE8}") = "Tests", "Tests", "{CAC252B6-01EF-483B-ABFF-D1143EB89F62}"
EndProject
Project("{2150E333-8FDC-42A3-9474-1A3956D46DE8}") = "Solution Items", "Solution Items", "{81A65B65-60D0-471A-B7AF-34936D7B376D}"
	ProjectSection(SolutionItems) = preProject
		global.json = global.json
	EndProjectSection
EndProject
Project("{9A19103F-16F7-4668-BE54-9A1E7A4F7556}") = "UKHO.MaritimeSafetyInformation.Common", "UKHO.MaritimeSafetyInformation.Common\UKHO.MaritimeSafetyInformation.Common.csproj", "{6BDA8628-6153-424F-996C-3E9B66E214C9}"
EndProject
Project("{9A19103F-16F7-4668-BE54-9A1E7A4F7556}") = "UKHO.MaritimeSafetyInformation.Common.UnitTests", "UKHO.MaritimeSafetyInformation.Common.UnitTests\UKHO.MaritimeSafetyInformation.Common.UnitTests.csproj", "{1BCE0BFA-F200-4B02-944F-1F465277E807}"
EndProject
Project("{9A19103F-16F7-4668-BE54-9A1E7A4F7556}") = "UKHO.MaritimeSafetyInformation.Web.UnitTests", "..\Tests\UKHO.MaritimeSafetyInformation.Web.UnitTests\UKHO.MaritimeSafetyInformation.Web.UnitTests.csproj", "{BF6409FA-1671-44BC-83C9-9652FEAB3FD5}"
EndProject
Global
	GlobalSection(SolutionConfigurationPlatforms) = preSolution
		Debug|Any CPU = Debug|Any CPU
		Release|Any CPU = Release|Any CPU
	EndGlobalSection
	GlobalSection(ProjectConfigurationPlatforms) = postSolution
		{1E980BA5-AEF4-45C9-890E-224A6AF169DD}.Debug|Any CPU.ActiveCfg = Debug|Any CPU
		{1E980BA5-AEF4-45C9-890E-224A6AF169DD}.Debug|Any CPU.Build.0 = Debug|Any CPU
		{1E980BA5-AEF4-45C9-890E-224A6AF169DD}.Release|Any CPU.ActiveCfg = Release|Any CPU
		{1E980BA5-AEF4-45C9-890E-224A6AF169DD}.Release|Any CPU.Build.0 = Release|Any CPU
		{6BDA8628-6153-424F-996C-3E9B66E214C9}.Debug|Any CPU.ActiveCfg = Debug|Any CPU
		{6BDA8628-6153-424F-996C-3E9B66E214C9}.Debug|Any CPU.Build.0 = Debug|Any CPU
		{6BDA8628-6153-424F-996C-3E9B66E214C9}.Release|Any CPU.ActiveCfg = Release|Any CPU
		{6BDA8628-6153-424F-996C-3E9B66E214C9}.Release|Any CPU.Build.0 = Release|Any CPU
		{1BCE0BFA-F200-4B02-944F-1F465277E807}.Debug|Any CPU.ActiveCfg = Debug|Any CPU
		{1BCE0BFA-F200-4B02-944F-1F465277E807}.Debug|Any CPU.Build.0 = Debug|Any CPU
		{1BCE0BFA-F200-4B02-944F-1F465277E807}.Release|Any CPU.ActiveCfg = Release|Any CPU
		{1BCE0BFA-F200-4B02-944F-1F465277E807}.Release|Any CPU.Build.0 = Release|Any CPU
		{BF6409FA-1671-44BC-83C9-9652FEAB3FD5}.Debug|Any CPU.ActiveCfg = Debug|Any CPU
		{BF6409FA-1671-44BC-83C9-9652FEAB3FD5}.Debug|Any CPU.Build.0 = Debug|Any CPU
		{BF6409FA-1671-44BC-83C9-9652FEAB3FD5}.Release|Any CPU.ActiveCfg = Release|Any CPU
		{BF6409FA-1671-44BC-83C9-9652FEAB3FD5}.Release|Any CPU.Build.0 = Release|Any CPU
	EndGlobalSection
	GlobalSection(SolutionProperties) = preSolution
		HideSolutionNode = FALSE
	EndGlobalSection
	GlobalSection(NestedProjects) = preSolution
		{1BCE0BFA-F200-4B02-944F-1F465277E807} = {CAC252B6-01EF-483B-ABFF-D1143EB89F62}
		{BF6409FA-1671-44BC-83C9-9652FEAB3FD5} = {CAC252B6-01EF-483B-ABFF-D1143EB89F62}
	EndGlobalSection
	GlobalSection(ExtensibilityGlobals) = postSolution
		SolutionGuid = {7473D48C-027B-4B02-BD3B-0EFFADF1EC72}
	EndGlobalSection
EndGlobal
