
Microsoft Visual Studio Solution File, Format Version 12.00
# Visual Studio Version 17
VisualStudioVersion = 17.0.32112.339
MinimumVisualStudioVersion = 10.0.40219.1
Project("{9A19103F-16F7-4668-BE54-9A1E7A4F7556}") = "UKHO.MaritimeSafetyInformation.Web", "UKHO.MaritimeSafetyInformation.Web\UKHO.MaritimeSafetyInformation.Web.csproj", "{1E980BA5-AEF4-45C9-890E-224A6AF169DD}"
EndProject
Project("{2150E333-8FDC-42A3-9474-1A3956D46DE8}") = "Tests", "Tests", "{CAC252B6-01EF-483B-ABFF-D1143EB89F62}"
EndProject
Project("{9A19103F-16F7-4668-BE54-9A1E7A4F7556}") = "UKHO.MaritimeSafetyInformation.Common", "UKHO.MaritimeSafetyInformation.Common\UKHO.MaritimeSafetyInformation.Common.csproj", "{6BDA8628-6153-424F-996C-3E9B66E214C9}"
EndProject
Project("{9A19103F-16F7-4668-BE54-9A1E7A4F7556}") = "UKHO.MaritimeSafetyInformation.Common.UnitTests", "UKHO.MaritimeSafetyInformation.Common.UnitTests\UKHO.MaritimeSafetyInformation.Common.UnitTests.csproj", "{1BCE0BFA-F200-4B02-944F-1F465277E807}"
EndProject
Project("{9A19103F-16F7-4668-BE54-9A1E7A4F7556}") = "UKHO.MaritimeSafetyInformation.Web.UnitTests", "..\Tests\UKHO.MaritimeSafetyInformation.Web.UnitTests\UKHO.MaritimeSafetyInformation.Web.UnitTests.csproj", "{BF6409FA-1671-44BC-83C9-9652FEAB3FD5}"
EndProject
Project("{00D1A9C2-B5F0-4AF3-8072-F6C62B433612}") = "UKHO.MaritimeSafetyInformation.Web.Database", "UKHO.MaritimeSafetyInformation.Web.Database\UKHO.MaritimeSafetyInformation.Web.Database.sqlproj", "{11186474-3757-4857-BB35-995DC2295D0E}"
EndProject
Project("{2150E333-8FDC-42A3-9474-1A3956D46DE8}") = "Database", "Database", "{EE2F39EA-5394-4E83-BE3A-7D3FE20E9FB1}"
EndProject
Project("{9A19103F-16F7-4668-BE54-9A1E7A4F7556}") = "UKHO.MaritimeSafetyInformation.IntegrationTests", "UKHO.MaritimeSafetyInformation.IntegrationTests\UKHO.MaritimeSafetyInformation.IntegrationTests.csproj", "{2531CBB9-F254-493B-BCB7-CCD49A29EB39}"
EndProject
Project("{9A19103F-16F7-4668-BE54-9A1E7A4F7556}") = "UKHO.MaritimeSafetyInformationAdmin.Web", "UKHO.MaritimeSafetyInformationAdmin.Web\UKHO.MaritimeSafetyInformationAdmin.Web.csproj", "{D3888119-3006-46E5-BD9F-581D6C938DA8}"
EndProject
Project("{2150E333-8FDC-42A3-9474-1A3956D46DE8}") = "Pipeline", "Pipeline", "{0BCB0F5D-23E7-4F9F-99E9-A6188A0ABCEB}"
	ProjectSection(SolutionItems) = preProject
		..\azure-pipelines.yml = ..\azure-pipelines.yml
		..\BuildNuget.config = ..\BuildNuget.config
		..\NVDSuppressions.xml = ..\NVDSuppressions.xml
	EndProjectSection
EndProject
Project("{2150E333-8FDC-42A3-9474-1A3956D46DE8}") = "Deployment", "Deployment", "{23D99271-3711-4421-BF49-7C09D3A6D1AA}"
	ProjectSection(SolutionItems) = preProject
		..\Deployment\add-lease.ps1 = ..\Deployment\add-lease.ps1
		..\Deployment\check_service_status.ps1 = ..\Deployment\check_service_status.ps1
		..\Deployment\SetEntityInTableStorage.ps1 = ..\Deployment\SetEntityInTableStorage.ps1
		..\Deployment\set_business_unit.ps1 = ..\Deployment\set_business_unit.ps1
		..\Deployment\terraform_conditional_run.ps1 = ..\Deployment\terraform_conditional_run.ps1
	EndProjectSection
EndProject
Project("{2150E333-8FDC-42A3-9474-1A3956D46DE8}") = "src", "src", "{6D1C7703-E9A4-4FFC-A839-A8C55227207E}"
	ProjectSection(SolutionItems) = preProject
		..\Deployment\src\azure.tf = ..\Deployment\src\azure.tf
		..\Deployment\src\main.tf = ..\Deployment\src\main.tf
		..\Deployment\src\outputs.tf = ..\Deployment\src\outputs.tf
		..\Deployment\src\resource-group.tf = ..\Deployment\src\resource-group.tf
		..\Deployment\src\variables.tf = ..\Deployment\src\variables.tf
	EndProjectSection
EndProject
Project("{2150E333-8FDC-42A3-9474-1A3956D46DE8}") = "Modules", "Modules", "{72FD9337-D831-4327-A38C-B99896BAEA57}"
EndProject
Project("{2150E333-8FDC-42A3-9474-1A3956D46DE8}") = "AppInsights", "AppInsights", "{57837EBF-31AC-4CBF-A68E-9743DAA3B8AF}"
	ProjectSection(SolutionItems) = preProject
		..\Deployment\src\Modules\AppInsights\main.tf = ..\Deployment\src\Modules\AppInsights\main.tf
		..\Deployment\src\Modules\AppInsights\outputs.tf = ..\Deployment\src\Modules\AppInsights\outputs.tf
		..\Deployment\src\Modules\AppInsights\variables.tf = ..\Deployment\src\Modules\AppInsights\variables.tf
	EndProjectSection
EndProject
Project("{2150E333-8FDC-42A3-9474-1A3956D46DE8}") = "AzureDashboard", "AzureDashboard", "{E8660B76-7655-4286-9286-004E15954521}"
	ProjectSection(SolutionItems) = preProject
		..\Deployment\src\Modules\AzureDashboard\dashboard.tpl = ..\Deployment\src\Modules\AzureDashboard\dashboard.tpl
		..\Deployment\src\Modules\AzureDashboard\main.tf = ..\Deployment\src\Modules\AzureDashboard\main.tf
		..\Deployment\src\Modules\AzureDashboard\variables.tf = ..\Deployment\src\Modules\AzureDashboard\variables.tf
	EndProjectSection
EndProject
Project("{2150E333-8FDC-42A3-9474-1A3956D46DE8}") = "CacheStorage", "CacheStorage", "{A26F7FF1-B11F-4F5B-9458-EB9330B9EED3}"
	ProjectSection(SolutionItems) = preProject
		..\Deployment\src\Modules\CacheStorage\main.tf = ..\Deployment\src\Modules\CacheStorage\main.tf
		..\Deployment\src\Modules\CacheStorage\output.tf = ..\Deployment\src\Modules\CacheStorage\output.tf
		..\Deployment\src\Modules\CacheStorage\variable.tf = ..\Deployment\src\Modules\CacheStorage\variable.tf
	EndProjectSection
EndProject
Project("{2150E333-8FDC-42A3-9474-1A3956D46DE8}") = "EventHub", "EventHub", "{415FE14B-4E7F-48AC-B20F-81FB628DC7DC}"
	ProjectSection(SolutionItems) = preProject
		..\Deployment\src\Modules\EventHub\main.tf = ..\Deployment\src\Modules\EventHub\main.tf
		..\Deployment\src\Modules\EventHub\outputs.tf = ..\Deployment\src\Modules\EventHub\outputs.tf
		..\Deployment\src\Modules\EventHub\variables.tf = ..\Deployment\src\Modules\EventHub\variables.tf
	EndProjectSection
EndProject
Project("{2150E333-8FDC-42A3-9474-1A3956D46DE8}") = "KeyVault", "KeyVault", "{15CE629F-43E2-49F8-A27F-556A94292650}"
	ProjectSection(SolutionItems) = preProject
		..\Deployment\src\Modules\KeyVault\main.tf = ..\Deployment\src\Modules\KeyVault\main.tf
		..\Deployment\src\Modules\KeyVault\outputs.tf = ..\Deployment\src\Modules\KeyVault\outputs.tf
		..\Deployment\src\Modules\KeyVault\variables.tf = ..\Deployment\src\Modules\KeyVault\variables.tf
	EndProjectSection
EndProject
Project("{2150E333-8FDC-42A3-9474-1A3956D46DE8}") = "Webapp", "Webapp", "{DFF4E9DC-493C-4500-AF59-72C17A6A6C6E}"
	ProjectSection(SolutionItems) = preProject
		..\Deployment\src\Modules\Webapp\main.tf = ..\Deployment\src\Modules\Webapp\main.tf
		..\Deployment\src\Modules\Webapp\outputs.tf = ..\Deployment\src\Modules\Webapp\outputs.tf
		..\Deployment\src\Modules\Webapp\variables.tf = ..\Deployment\src\Modules\Webapp\variables.tf
	EndProjectSection
EndProject
Project("{2150E333-8FDC-42A3-9474-1A3956D46DE8}") = "templates", "templates", "{46ED9487-834C-4683-860C-0AF0A7DBC111}"
	ProjectSection(SolutionItems) = preProject
		..\Deployment\templates\continuous-dacpac-app-deployment.yml = ..\Deployment\templates\continuous-dacpac-app-deployment.yml
		..\Deployment\templates\continuous-deployment.yml = ..\Deployment\templates\continuous-deployment.yml
		..\Deployment\templates\continuous-testing.yml = ..\Deployment\templates\continuous-testing.yml
		..\Deployment\templates\retain-pipeline.yml = ..\Deployment\templates\retain-pipeline.yml
	EndProjectSection
EndProject
Global
	GlobalSection(SolutionConfigurationPlatforms) = preSolution
		Debug|Any CPU = Debug|Any CPU
		Release|Any CPU = Release|Any CPU
	EndGlobalSection
	GlobalSection(ProjectConfigurationPlatforms) = postSolution
		{1E980BA5-AEF4-45C9-890E-224A6AF169DD}.Debug|Any CPU.ActiveCfg = Debug|Any CPU
		{1E980BA5-AEF4-45C9-890E-224A6AF169DD}.Debug|Any CPU.Build.0 = Debug|Any CPU
		{1E980BA5-AEF4-45C9-890E-224A6AF169DD}.Release|Any CPU.ActiveCfg = Release|Any CPU
		{1E980BA5-AEF4-45C9-890E-224A6AF169DD}.Release|Any CPU.Build.0 = Release|Any CPU
		{6BDA8628-6153-424F-996C-3E9B66E214C9}.Debug|Any CPU.ActiveCfg = Debug|Any CPU
		{6BDA8628-6153-424F-996C-3E9B66E214C9}.Debug|Any CPU.Build.0 = Debug|Any CPU
		{6BDA8628-6153-424F-996C-3E9B66E214C9}.Release|Any CPU.ActiveCfg = Release|Any CPU
		{6BDA8628-6153-424F-996C-3E9B66E214C9}.Release|Any CPU.Build.0 = Release|Any CPU
		{1BCE0BFA-F200-4B02-944F-1F465277E807}.Debug|Any CPU.ActiveCfg = Debug|Any CPU
		{1BCE0BFA-F200-4B02-944F-1F465277E807}.Debug|Any CPU.Build.0 = Debug|Any CPU
		{1BCE0BFA-F200-4B02-944F-1F465277E807}.Release|Any CPU.ActiveCfg = Release|Any CPU
		{1BCE0BFA-F200-4B02-944F-1F465277E807}.Release|Any CPU.Build.0 = Release|Any CPU
		{BF6409FA-1671-44BC-83C9-9652FEAB3FD5}.Debug|Any CPU.ActiveCfg = Debug|Any CPU
		{BF6409FA-1671-44BC-83C9-9652FEAB3FD5}.Debug|Any CPU.Build.0 = Debug|Any CPU
		{BF6409FA-1671-44BC-83C9-9652FEAB3FD5}.Release|Any CPU.ActiveCfg = Release|Any CPU
		{BF6409FA-1671-44BC-83C9-9652FEAB3FD5}.Release|Any CPU.Build.0 = Release|Any CPU
		{11186474-3757-4857-BB35-995DC2295D0E}.Debug|Any CPU.ActiveCfg = Debug|Any CPU
		{11186474-3757-4857-BB35-995DC2295D0E}.Debug|Any CPU.Build.0 = Debug|Any CPU
		{11186474-3757-4857-BB35-995DC2295D0E}.Debug|Any CPU.Deploy.0 = Debug|Any CPU
		{11186474-3757-4857-BB35-995DC2295D0E}.Release|Any CPU.ActiveCfg = Release|Any CPU
		{11186474-3757-4857-BB35-995DC2295D0E}.Release|Any CPU.Build.0 = Release|Any CPU
		{11186474-3757-4857-BB35-995DC2295D0E}.Release|Any CPU.Deploy.0 = Release|Any CPU
		{2531CBB9-F254-493B-BCB7-CCD49A29EB39}.Debug|Any CPU.ActiveCfg = Debug|Any CPU
		{2531CBB9-F254-493B-BCB7-CCD49A29EB39}.Debug|Any CPU.Build.0 = Debug|Any CPU
		{2531CBB9-F254-493B-BCB7-CCD49A29EB39}.Release|Any CPU.ActiveCfg = Release|Any CPU
		{2531CBB9-F254-493B-BCB7-CCD49A29EB39}.Release|Any CPU.Build.0 = Release|Any CPU
		{D3888119-3006-46E5-BD9F-581D6C938DA8}.Debug|Any CPU.ActiveCfg = Debug|Any CPU
		{D3888119-3006-46E5-BD9F-581D6C938DA8}.Debug|Any CPU.Build.0 = Debug|Any CPU
		{D3888119-3006-46E5-BD9F-581D6C938DA8}.Release|Any CPU.ActiveCfg = Release|Any CPU
		{D3888119-3006-46E5-BD9F-581D6C938DA8}.Release|Any CPU.Build.0 = Release|Any CPU
	EndGlobalSection
	GlobalSection(SolutionProperties) = preSolution
		HideSolutionNode = FALSE
	EndGlobalSection
	GlobalSection(NestedProjects) = preSolution
		{1BCE0BFA-F200-4B02-944F-1F465277E807} = {CAC252B6-01EF-483B-ABFF-D1143EB89F62}
		{BF6409FA-1671-44BC-83C9-9652FEAB3FD5} = {CAC252B6-01EF-483B-ABFF-D1143EB89F62}
		{11186474-3757-4857-BB35-995DC2295D0E} = {EE2F39EA-5394-4E83-BE3A-7D3FE20E9FB1}
		{2531CBB9-F254-493B-BCB7-CCD49A29EB39} = {CAC252B6-01EF-483B-ABFF-D1143EB89F62}
		{23D99271-3711-4421-BF49-7C09D3A6D1AA} = {0BCB0F5D-23E7-4F9F-99E9-A6188A0ABCEB}
		{6D1C7703-E9A4-4FFC-A839-A8C55227207E} = {23D99271-3711-4421-BF49-7C09D3A6D1AA}
		{72FD9337-D831-4327-A38C-B99896BAEA57} = {6D1C7703-E9A4-4FFC-A839-A8C55227207E}
		{57837EBF-31AC-4CBF-A68E-9743DAA3B8AF} = {72FD9337-D831-4327-A38C-B99896BAEA57}
		{E8660B76-7655-4286-9286-004E15954521} = {72FD9337-D831-4327-A38C-B99896BAEA57}
		{A26F7FF1-B11F-4F5B-9458-EB9330B9EED3} = {72FD9337-D831-4327-A38C-B99896BAEA57}
		{415FE14B-4E7F-48AC-B20F-81FB628DC7DC} = {72FD9337-D831-4327-A38C-B99896BAEA57}
		{15CE629F-43E2-49F8-A27F-556A94292650} = {72FD9337-D831-4327-A38C-B99896BAEA57}
		{DFF4E9DC-493C-4500-AF59-72C17A6A6C6E} = {72FD9337-D831-4327-A38C-B99896BAEA57}
		{46ED9487-834C-4683-860C-0AF0A7DBC111} = {23D99271-3711-4421-BF49-7C09D3A6D1AA}
	EndGlobalSection
	GlobalSection(ExtensibilityGlobals) = postSolution
		SolutionGuid = {7473D48C-027B-4B02-BD3B-0EFFADF1EC72}
	EndGlobalSection
EndGlobal
