
Microsoft Visual Studio Solution File, Format Version 12.00
# Visual Studio Version 17
VisualStudioVersion = 17.0.32112.339
MinimumVisualStudioVersion = 10.0.40219.1
Project("{9A19103F-16F7-4668-BE54-9A1E7A4F7556}") = "UKHO.MaritimeSafetyInformation.Web", "UKHO.MaritimeSafetyInformation.Web\UKHO.MaritimeSafetyInformation.Web.csproj", "{1E980BA5-AEF4-45C9-890E-224A6AF169DD}"
EndProject
Project("{2150E333-8FDC-42A3-9474-1A3956D46DE8}") = "Tests", "Tests", "{CAC252B6-01EF-483B-ABFF-D1143EB89F62}"
EndProject
Project("{9A19103F-16F7-4668-BE54-9A1E7A4F7556}") = "UKHO.MaritimeSafetyInformation.Common", "UKHO.MaritimeSafetyInformation.Common\UKHO.MaritimeSafetyInformation.Common.csproj", "{6BDA8628-6153-424F-996C-3E9B66E214C9}"
EndProject
Project("{9A19103F-16F7-4668-BE54-9A1E7A4F7556}") = "UKHO.MaritimeSafetyInformation.Common.UnitTests", "UKHO.MaritimeSafetyInformation.Common.UnitTests\UKHO.MaritimeSafetyInformation.Common.UnitTests.csproj", "{1BCE0BFA-F200-4B02-944F-1F465277E807}"
EndProject
Project("{9A19103F-16F7-4668-BE54-9A1E7A4F7556}") = "UKHO.MaritimeSafetyInformation.Web.UnitTests", "..\Tests\UKHO.MaritimeSafetyInformation.Web.UnitTests\UKHO.MaritimeSafetyInformation.Web.UnitTests.csproj", "{BF6409FA-1671-44BC-83C9-9652FEAB3FD5}"
EndProject
Project("{00D1A9C2-B5F0-4AF3-8072-F6C62B433612}") = "UKHO.MaritimeSafetyInformation.Web.Database", "UKHO.MaritimeSafetyInformation.Web.Database\UKHO.MaritimeSafetyInformation.Web.Database.sqlproj", "{11186474-3757-4857-BB35-995DC2295D0E}"
EndProject
Project("{2150E333-8FDC-42A3-9474-1A3956D46DE8}") = "Database", "Database", "{EE2F39EA-5394-4E83-BE3A-7D3FE20E9FB1}"
EndProject
Project("{9A19103F-16F7-4668-BE54-9A1E7A4F7556}") = "UKHO.MaritimeSafetyInformation.IntegrationTests", "UKHO.MaritimeSafetyInformation.IntegrationTests\UKHO.MaritimeSafetyInformation.IntegrationTests.csproj", "{2531CBB9-F254-493B-BCB7-CCD49A29EB39}"
EndProject
Project("{9A19103F-16F7-4668-BE54-9A1E7A4F7556}") = "UKHO.MaritimeSafetyInformationAdmin.Web", "UKHO.MaritimeSafetyInformationAdmin.Web\UKHO.MaritimeSafetyInformationAdmin.Web.csproj", "{D3888119-3006-46E5-BD9F-581D6C938DA8}"
EndProject
Project("{2150E333-8FDC-42A3-9474-1A3956D46DE8}") = "Pipeline", "Pipeline", "{0BCB0F5D-23E7-4F9F-99E9-A6188A0ABCEB}"
	ProjectSection(SolutionItems) = preProject
		..\azure-pipelines.yml = ..\azure-pipelines.yml
		..\BuildNuget.config = ..\BuildNuget.config
	EndProjectSection
EndProject
Project("{2150E333-8FDC-42A3-9474-1A3956D46DE8}") = "var", "var", "{CFAA0F73-FE10-4DE9-92D7-952E0F639EC0}"
EndProject
Project("{2150E333-8FDC-42A3-9474-1A3956D46DE8}") = "Deployment", "Deployment", "{02EA681E-C7D8-13C7-8484-4AC65E1B71E8}"
	ProjectSection(SolutionItems) = preProject
		..\Deployment\check_service_status.ps1 = ..\Deployment\check_service_status.ps1
		..\Deployment\SetEntityInTableStorage.ps1 = ..\Deployment\SetEntityInTableStorage.ps1
		..\Deployment\set_business_unit.ps1 = ..\Deployment\set_business_unit.ps1
		..\Deployment\terraform_conditional_run.ps1 = ..\Deployment\terraform_conditional_run.ps1
	EndProjectSection
EndProject
Project("{2150E333-8FDC-42A3-9474-1A3956D46DE8}") = "src", "src", "{3AE101FE-2558-4381-A852-FDCE5DEC1F8B}"
	ProjectSection(SolutionItems) = preProject
		..\Deployment\src\azure.tf = ..\Deployment\src\azure.tf
		..\Deployment\src\main.tf = ..\Deployment\src\main.tf
		..\Deployment\src\outputs.tf = ..\Deployment\src\outputs.tf
		..\Deployment\src\resource-group.tf = ..\Deployment\src\resource-group.tf
		..\Deployment\src\variables.tf = ..\Deployment\src\variables.tf
	EndProjectSection
EndProject
Project("{2150E333-8FDC-42A3-9474-1A3956D46DE8}") = "Modules", "Modules", "{0BFD3E2F-3E82-4258-9E7A-6C795D0AC657}"
EndProject
Project("{2150E333-8FDC-42A3-9474-1A3956D46DE8}") = "AppInsights", "AppInsights", "{48242F5F-D278-490D-A3C5-1AE62900730C}"
	ProjectSection(SolutionItems) = preProject
		..\Deployment\src\Modules\AppInsights\main.tf = ..\Deployment\src\Modules\AppInsights\main.tf
		..\Deployment\src\Modules\AppInsights\outputs.tf = ..\Deployment\src\Modules\AppInsights\outputs.tf
		..\Deployment\src\Modules\AppInsights\variables.tf = ..\Deployment\src\Modules\AppInsights\variables.tf
	EndProjectSection
EndProject
Project("{2150E333-8FDC-42A3-9474-1A3956D46DE8}") = "AzureDashboard", "AzureDashboard", "{E2CC4D0C-D9A7-49E9-8F93-9C59F68E0BD8}"
	ProjectSection(SolutionItems) = preProject
		..\Deployment\src\Modules\AzureDashboard\dashboard.tpl = ..\Deployment\src\Modules\AzureDashboard\dashboard.tpl
		..\Deployment\src\Modules\AzureDashboard\main.tf = ..\Deployment\src\Modules\AzureDashboard\main.tf
		..\Deployment\src\Modules\AzureDashboard\variables.tf = ..\Deployment\src\Modules\AzureDashboard\variables.tf
	EndProjectSection
EndProject
Project("{2150E333-8FDC-42A3-9474-1A3956D46DE8}") = "CacheStorage", "CacheStorage", "{18645A91-8141-442C-B269-8EF2B57D440E}"
	ProjectSection(SolutionItems) = preProject
		..\Deployment\src\Modules\CacheStorage\main.tf = ..\Deployment\src\Modules\CacheStorage\main.tf
		..\Deployment\src\Modules\CacheStorage\output.tf = ..\Deployment\src\Modules\CacheStorage\output.tf
		..\Deployment\src\Modules\CacheStorage\variable.tf = ..\Deployment\src\Modules\CacheStorage\variable.tf
	EndProjectSection
EndProject
Project("{2150E333-8FDC-42A3-9474-1A3956D46DE8}") = "EventHub", "EventHub", "{FB4EFB2D-6E8E-4C6A-86EA-28A58815D461}"
	ProjectSection(SolutionItems) = preProject
		..\Deployment\src\Modules\EventHub\main.tf = ..\Deployment\src\Modules\EventHub\main.tf
		..\Deployment\src\Modules\EventHub\outputs.tf = ..\Deployment\src\Modules\EventHub\outputs.tf
		..\Deployment\src\Modules\EventHub\variables.tf = ..\Deployment\src\Modules\EventHub\variables.tf
	EndProjectSection
EndProject
Project("{2150E333-8FDC-42A3-9474-1A3956D46DE8}") = "KeyVault", "KeyVault", "{7166D2EF-188C-4350-B34D-9CC5AB1F2079}"
	ProjectSection(SolutionItems) = preProject
		..\Deployment\src\Modules\KeyVault\main.tf = ..\Deployment\src\Modules\KeyVault\main.tf
		..\Deployment\src\Modules\KeyVault\outputs.tf = ..\Deployment\src\Modules\KeyVault\outputs.tf
		..\Deployment\src\Modules\KeyVault\variables.tf = ..\Deployment\src\Modules\KeyVault\variables.tf
	EndProjectSection
EndProject
Project("{2150E333-8FDC-42A3-9474-1A3956D46DE8}") = "Webapp", "Webapp", "{9F092D19-5712-4EEE-81EC-C5E3C853B1AF}"
	ProjectSection(SolutionItems) = preProject
		..\Deployment\src\Modules\Webapp\main.tf = ..\Deployment\src\Modules\Webapp\main.tf
		..\Deployment\src\Modules\Webapp\outputs.tf = ..\Deployment\src\Modules\Webapp\outputs.tf
		..\Deployment\src\Modules\Webapp\variables.tf = ..\Deployment\src\Modules\Webapp\variables.tf
	EndProjectSection
EndProject
Project("{2150E333-8FDC-42A3-9474-1A3956D46DE8}") = "templates", "templates", "{A46B8E12-AAD7-494C-919F-C8789041FCBE}"
	ProjectSection(SolutionItems) = preProject
		..\Deployment\templates\build-test-publish.yml = ..\Deployment\templates\build-test-publish.yml
		..\Deployment\templates\continuous-dacpac-app-deployment.yml = ..\Deployment\templates\continuous-dacpac-app-deployment.yml
		..\Deployment\templates\continuous-deployment.yml = ..\Deployment\templates\continuous-deployment.yml
		..\Deployment\templates\continuous-testing.yml = ..\Deployment\templates\continuous-testing.yml
	EndProjectSection
EndProject
Project("{2150E333-8FDC-42A3-9474-1A3956D46DE8}") = "var", "var", "{4D22B97D-E824-40B5-B20D-C0BF2C494125}"
	ProjectSection(SolutionItems) = preProject
		..\Deployment\templates\var\dev-deploy.yml = ..\Deployment\templates\var\dev-deploy.yml
		..\Deployment\templates\var\prod-deploy.yml = ..\Deployment\templates\var\prod-deploy.yml
		..\Deployment\templates\var\qa-deploy.yml = ..\Deployment\templates\var\qa-deploy.yml
	EndProjectSection
EndProject
Project("{FAE04EC0-301F-11D3-BF4B-00C04F79EFBC}") = "UKHO.MaritimeSafetyInformation.Web.AppHost", "UKHO.MaritimeSafetyInformation.Web.AppHost\UKHO.MaritimeSafetyInformation.Web.AppHost.csproj", "{F15BB02B-224F-4749-9246-DF2FC30AE9F4}"
EndProject
Project("{FAE04EC0-301F-11D3-BF4B-00C04F79EFBC}") = "UKHO.MaritimeSafetyInformation.Web.ServiceDefaults", "UKHO.MaritimeSafetyInformation.Web.ServiceDefaults\UKHO.MaritimeSafetyInformation.Web.ServiceDefaults.csproj", "{B738101A-4479-C30C-6562-AD0BF74ACB85}"
EndProject
Project("{2150E333-8FDC-42A3-9474-1A3956D46DE8}") = "mock", "mock", "{F580FCCE-5EE5-4E28-9B8A-A3B8CCB66DEC}"
EndProject
Project("{FAE04EC0-301F-11D3-BF4B-00C04F79EFBC}") = "UKHO.ADDS.Mocks", "D:\Source\Repos\UKHO.ADDS.Mocks\src\UKHO.ADDS.Mocks\UKHO.ADDS.Mocks.csproj", "{A20E1A7E-F65D-237C-6E3A-C30FB66E68BA}"
EndProject
Project("{FAE04EC0-301F-11D3-BF4B-00C04F79EFBC}") = "UKHO.ADDS.Mocks.MSI", "UKHO.ADDS.Mocks.MSI\UKHO.ADDS.Mocks.MSI.csproj", "{63BAB091-D20D-4AF1-B469-1242A4A8D1B2}"
EndProject
Global
	GlobalSection(SolutionConfigurationPlatforms) = preSolution
		Debug|Any CPU = Debug|Any CPU
		Release|Any CPU = Release|Any CPU
	EndGlobalSection
	GlobalSection(ProjectConfigurationPlatforms) = postSolution
		{1E980BA5-AEF4-45C9-890E-224A6AF169DD}.Debug|Any CPU.ActiveCfg = Debug|Any CPU
		{1E980BA5-AEF4-45C9-890E-224A6AF169DD}.Debug|Any CPU.Build.0 = Debug|Any CPU
		{1E980BA5-AEF4-45C9-890E-224A6AF169DD}.Release|Any CPU.ActiveCfg = Release|Any CPU
		{1E980BA5-AEF4-45C9-890E-224A6AF169DD}.Release|Any CPU.Build.0 = Release|Any CPU
		{6BDA8628-6153-424F-996C-3E9B66E214C9}.Debug|Any CPU.ActiveCfg = Debug|Any CPU
		{6BDA8628-6153-424F-996C-3E9B66E214C9}.Debug|Any CPU.Build.0 = Debug|Any CPU
		{6BDA8628-6153-424F-996C-3E9B66E214C9}.Release|Any CPU.ActiveCfg = Release|Any CPU
		{6BDA8628-6153-424F-996C-3E9B66E214C9}.Release|Any CPU.Build.0 = Release|Any CPU
		{1BCE0BFA-F200-4B02-944F-1F465277E807}.Debug|Any CPU.ActiveCfg = Debug|Any CPU
		{1BCE0BFA-F200-4B02-944F-1F465277E807}.Debug|Any CPU.Build.0 = Debug|Any CPU
		{1BCE0BFA-F200-4B02-944F-1F465277E807}.Release|Any CPU.ActiveCfg = Release|Any CPU
		{1BCE0BFA-F200-4B02-944F-1F465277E807}.Release|Any CPU.Build.0 = Release|Any CPU
		{BF6409FA-1671-44BC-83C9-9652FEAB3FD5}.Debug|Any CPU.ActiveCfg = Debug|Any CPU
		{BF6409FA-1671-44BC-83C9-9652FEAB3FD5}.Debug|Any CPU.Build.0 = Debug|Any CPU
		{BF6409FA-1671-44BC-83C9-9652FEAB3FD5}.Release|Any CPU.ActiveCfg = Release|Any CPU
		{BF6409FA-1671-44BC-83C9-9652FEAB3FD5}.Release|Any CPU.Build.0 = Release|Any CPU
		{11186474-3757-4857-BB35-995DC2295D0E}.Debug|Any CPU.ActiveCfg = Debug|Any CPU
		{11186474-3757-4857-BB35-995DC2295D0E}.Debug|Any CPU.Build.0 = Debug|Any CPU
		{11186474-3757-4857-BB35-995DC2295D0E}.Debug|Any CPU.Deploy.0 = Debug|Any CPU
		{11186474-3757-4857-BB35-995DC2295D0E}.Release|Any CPU.ActiveCfg = Release|Any CPU
		{11186474-3757-4857-BB35-995DC2295D0E}.Release|Any CPU.Build.0 = Release|Any CPU
		{11186474-3757-4857-BB35-995DC2295D0E}.Release|Any CPU.Deploy.0 = Release|Any CPU
		{2531CBB9-F254-493B-BCB7-CCD49A29EB39}.Debug|Any CPU.ActiveCfg = Debug|Any CPU
		{2531CBB9-F254-493B-BCB7-CCD49A29EB39}.Debug|Any CPU.Build.0 = Debug|Any CPU
		{2531CBB9-F254-493B-BCB7-CCD49A29EB39}.Release|Any CPU.ActiveCfg = Release|Any CPU
		{2531CBB9-F254-493B-BCB7-CCD49A29EB39}.Release|Any CPU.Build.0 = Release|Any CPU
		{D3888119-3006-46E5-BD9F-581D6C938DA8}.Debug|Any CPU.ActiveCfg = Debug|Any CPU
		{D3888119-3006-46E5-BD9F-581D6C938DA8}.Debug|Any CPU.Build.0 = Debug|Any CPU
		{D3888119-3006-46E5-BD9F-581D6C938DA8}.Release|Any CPU.ActiveCfg = Release|Any CPU
		{D3888119-3006-46E5-BD9F-581D6C938DA8}.Release|Any CPU.Build.0 = Release|Any CPU
		{F15BB02B-224F-4749-9246-DF2FC30AE9F4}.Debug|Any CPU.ActiveCfg = Debug|Any CPU
		{F15BB02B-224F-4749-9246-DF2FC30AE9F4}.Debug|Any CPU.Build.0 = Debug|Any CPU
		{F15BB02B-224F-4749-9246-DF2FC30AE9F4}.Release|Any CPU.ActiveCfg = Release|Any CPU
		{F15BB02B-224F-4749-9246-DF2FC30AE9F4}.Release|Any CPU.Build.0 = Release|Any CPU
		{B738101A-4479-C30C-6562-AD0BF74ACB85}.Debug|Any CPU.ActiveCfg = Debug|Any CPU
		{B738101A-4479-C30C-6562-AD0BF74ACB85}.Debug|Any CPU.Build.0 = Debug|Any CPU
		{B738101A-4479-C30C-6562-AD0BF74ACB85}.Release|Any CPU.ActiveCfg = Release|Any CPU
		{B738101A-4479-C30C-6562-AD0BF74ACB85}.Release|Any CPU.Build.0 = Release|Any CPU
		{A20E1A7E-F65D-237C-6E3A-C30FB66E68BA}.Debug|Any CPU.ActiveCfg = Debug|Any CPU
		{A20E1A7E-F65D-237C-6E3A-C30FB66E68BA}.Debug|Any CPU.Build.0 = Debug|Any CPU
		{A20E1A7E-F65D-237C-6E3A-C30FB66E68BA}.Release|Any CPU.ActiveCfg = Release|Any CPU
		{A20E1A7E-F65D-237C-6E3A-C30FB66E68BA}.Release|Any CPU.Build.0 = Release|Any CPU
		{63BAB091-D20D-4AF1-B469-1242A4A8D1B2}.Debug|Any CPU.ActiveCfg = Debug|Any CPU
		{63BAB091-D20D-4AF1-B469-1242A4A8D1B2}.Debug|Any CPU.Build.0 = Debug|Any CPU
		{63BAB091-D20D-4AF1-B469-1242A4A8D1B2}.Release|Any CPU.ActiveCfg = Release|Any CPU
		{63BAB091-D20D-4AF1-B469-1242A4A8D1B2}.Release|Any CPU.Build.0 = Release|Any CPU
	EndGlobalSection
	GlobalSection(SolutionProperties) = preSolution
		HideSolutionNode = FALSE
	EndGlobalSection
	GlobalSection(NestedProjects) = preSolution
		{1BCE0BFA-F200-4B02-944F-1F465277E807} = {CAC252B6-01EF-483B-ABFF-D1143EB89F62}
		{BF6409FA-1671-44BC-83C9-9652FEAB3FD5} = {CAC252B6-01EF-483B-ABFF-D1143EB89F62}
		{11186474-3757-4857-BB35-995DC2295D0E} = {EE2F39EA-5394-4E83-BE3A-7D3FE20E9FB1}
		{2531CBB9-F254-493B-BCB7-CCD49A29EB39} = {CAC252B6-01EF-483B-ABFF-D1143EB89F62}
		{02EA681E-C7D8-13C7-8484-4AC65E1B71E8} = {0BCB0F5D-23E7-4F9F-99E9-A6188A0ABCEB}
		{3AE101FE-2558-4381-A852-FDCE5DEC1F8B} = {02EA681E-C7D8-13C7-8484-4AC65E1B71E8}
		{0BFD3E2F-3E82-4258-9E7A-6C795D0AC657} = {3AE101FE-2558-4381-A852-FDCE5DEC1F8B}
		{48242F5F-D278-490D-A3C5-1AE62900730C} = {0BFD3E2F-3E82-4258-9E7A-6C795D0AC657}
		{E2CC4D0C-D9A7-49E9-8F93-9C59F68E0BD8} = {0BFD3E2F-3E82-4258-9E7A-6C795D0AC657}
		{18645A91-8141-442C-B269-8EF2B57D440E} = {0BFD3E2F-3E82-4258-9E7A-6C795D0AC657}
		{FB4EFB2D-6E8E-4C6A-86EA-28A58815D461} = {0BFD3E2F-3E82-4258-9E7A-6C795D0AC657}
		{7166D2EF-188C-4350-B34D-9CC5AB1F2079} = {0BFD3E2F-3E82-4258-9E7A-6C795D0AC657}
		{9F092D19-5712-4EEE-81EC-C5E3C853B1AF} = {0BFD3E2F-3E82-4258-9E7A-6C795D0AC657}
		{A46B8E12-AAD7-494C-919F-C8789041FCBE} = {02EA681E-C7D8-13C7-8484-4AC65E1B71E8}
		{4D22B97D-E824-40B5-B20D-C0BF2C494125} = {A46B8E12-AAD7-494C-919F-C8789041FCBE}
		{A20E1A7E-F65D-237C-6E3A-C30FB66E68BA} = {F580FCCE-5EE5-4E28-9B8A-A3B8CCB66DEC}
		{63BAB091-D20D-4AF1-B469-1242A4A8D1B2} = {F580FCCE-5EE5-4E28-9B8A-A3B8CCB66DEC}
	EndGlobalSection
	GlobalSection(ExtensibilityGlobals) = postSolution
		SolutionGuid = {7473D48C-027B-4B02-BD3B-0EFFADF1EC72}
	EndGlobalSection
EndGlobal
